
Microsoft Visual Studio Solution File, Format Version 12.00
# Visual Studio 15
VisualStudioVersion = 15.0.28307.1145
MinimumVisualStudioVersion = 10.0.40219.1
Project("{FAE04EC0-301F-11D3-BF4B-00C04F79EFBC}") = "WorkSite", "WorkSite\WorkSite.csproj", "{3FEA10FE-5E44-4A40-A20D-F03C707F77AB}"
EndProject
Global
	GlobalSection(SolutionConfigurationPlatforms) = preSolution
		Debug|Any CPU = Debug|Any CPU
		Release|Any CPU = Release|Any CPU
	EndGlobalSection
	GlobalSection(ProjectConfigurationPlatforms) = postSolution
		{3FEA10FE-5E44-4A40-A20D-F03C707F77AB}.Debug|Any CPU.ActiveCfg = Debug|Any CPU
		{3FEA10FE-5E44-4A40-A20D-F03C707F77AB}.Debug|Any CPU.Build.0 = Debug|Any CPU
		{3FEA10FE-5E44-4A40-A20D-F03C707F77AB}.Release|Any CPU.ActiveCfg = Release|Any CPU
		{3FEA10FE-5E44-4A40-A20D-F03C707F77AB}.Release|Any CPU.Build.0 = Release|Any CPU
	EndGlobalSection
	GlobalSection(SolutionProperties) = preSolution
		HideSolutionNode = FALSE
	EndGlobalSection
	GlobalSection(ExtensibilityGlobals) = postSolution
		SolutionGuid = {F91691A6-F7EA-445C-9A56-EB243C6177E5}
	EndGlobalSection
EndGlobal
